
Microsoft Visual Studio Solution File, Format Version 12.00
# Visual Studio Version 17
VisualStudioVersion = 17.3.32929.385
MinimumVisualStudioVersion = 10.0.40219.1
Project("{FAE04EC0-301F-11D3-BF4B-00C04F79EFBC}") = "DPAbstractFactoryProject", "DPAbstractFactoryProject\DPAbstractFactoryProject.csproj", "{4A8548A5-A9C9-4829-B18E-7ECF3F507ACD}"
EndProject
Global
	GlobalSection(SolutionConfigurationPlatforms) = preSolution
		Debug|Any CPU = Debug|Any CPU
		Release|Any CPU = Release|Any CPU
	EndGlobalSection
	GlobalSection(ProjectConfigurationPlatforms) = postSolution
		{4A8548A5-A9C9-4829-B18E-7ECF3F507ACD}.Debug|Any CPU.ActiveCfg = Debug|Any CPU
		{4A8548A5-A9C9-4829-B18E-7ECF3F507ACD}.Debug|Any CPU.Build.0 = Debug|Any CPU
		{4A8548A5-A9C9-4829-B18E-7ECF3F507ACD}.Release|Any CPU.ActiveCfg = Release|Any CPU
		{4A8548A5-A9C9-4829-B18E-7ECF3F507ACD}.Release|Any CPU.Build.0 = Release|Any CPU
	EndGlobalSection
	GlobalSection(SolutionProperties) = preSolution
		HideSolutionNode = FALSE
	EndGlobalSection
	GlobalSection(ExtensibilityGlobals) = postSolution
		SolutionGuid = {89FA60B9-5BFF-4AEF-AEB8-7E698AE0DC8A}
	EndGlobalSection
EndGlobal
